
Microsoft Visual Studio Solution File, Format Version 12.00
# Visual Studio Express 2013 for Windows Desktop
VisualStudioVersion = 12.0.30723.0
MinimumVisualStudioVersion = 10.0.40219.1
Project("{FAE04EC0-301F-11D3-BF4B-00C04F79EFBC}") = "TibiaSpritesheetRenderer", "TibiaSpritesheetRenderer\TibiaSpritesheetRenderer.csproj", "{A77F1C0D-5CF2-4134-84D6-819576EE00E1}"
EndProject
Global
	GlobalSection(SolutionConfigurationPlatforms) = preSolution
		Debug|Any CPU = Debug|Any CPU
		Release|Any CPU = Release|Any CPU
	EndGlobalSection
	GlobalSection(ProjectConfigurationPlatforms) = postSolution
		{A77F1C0D-5CF2-4134-84D6-819576EE00E1}.Debug|Any CPU.ActiveCfg = Debug|Any CPU
		{A77F1C0D-5CF2-4134-84D6-819576EE00E1}.Debug|Any CPU.Build.0 = Debug|Any CPU
		{A77F1C0D-5CF2-4134-84D6-819576EE00E1}.Release|Any CPU.ActiveCfg = Release|Any CPU
		{A77F1C0D-5CF2-4134-84D6-819576EE00E1}.Release|Any CPU.Build.0 = Release|Any CPU
	EndGlobalSection
	GlobalSection(SolutionProperties) = preSolution
		HideSolutionNode = FALSE
	EndGlobalSection
EndGlobal
